// !$*UTF8*$!
{
	archiveVersion = 1;
	classes = {
	};
	objectVersion = 56;
	objects = {

/* Begin PBXBuildFile section */
		742651BD2A160CC000B1C1BA /* LoginController.swift in Sources */ = {isa = PBXBuildFile; fileRef = 742651BC2A160CC000B1C1BA /* LoginController.swift */; };
		742651BF2A160CC600B1C1BA /* RegistrationController.swift in Sources */ = {isa = PBXBuildFile; fileRef = 742651BE2A160CC600B1C1BA /* RegistrationController.swift */; };
		742651C32A1611C700B1C1BA /* CustomTextField.swift in Sources */ = {isa = PBXBuildFile; fileRef = 742651C22A1611C700B1C1BA /* CustomTextField.swift */; };
		742651C52A16154900B1C1BA /* AuthButton.swift in Sources */ = {isa = PBXBuildFile; fileRef = 742651C42A16154900B1C1BA /* AuthButton.swift */; };
		742651C72A161B3000B1C1BA /* TextButton.swift in Sources */ = {isa = PBXBuildFile; fileRef = 742651C62A161B3000B1C1BA /* TextButton.swift */; };
		742651C92A162E6F00B1C1BA /* AuthViewModel.swift in Sources */ = {isa = PBXBuildFile; fileRef = 742651C82A162E6F00B1C1BA /* AuthViewModel.swift */; };
		745165322A14E7B900CECFF6 /* CardView.swift in Sources */ = {isa = PBXBuildFile; fileRef = 745165312A14E7B900CECFF6 /* CardView.swift */; };
		745165342A14F5B600CECFF6 /* UIViewController+Ext.swift in Sources */ = {isa = PBXBuildFile; fileRef = 745165332A14F5B600CECFF6 /* UIViewController+Ext.swift */; };
		745165362A14F5C800CECFF6 /* UIColor+Ext.swift in Sources */ = {isa = PBXBuildFile; fileRef = 745165352A14F5C800CECFF6 /* UIColor+Ext.swift */; };
		745165382A152E2500CECFF6 /* User.swift in Sources */ = {isa = PBXBuildFile; fileRef = 745165372A152E2500CECFF6 /* User.swift */; };
		7451653A2A152F3600CECFF6 /* CardViewModel.swift in Sources */ = {isa = PBXBuildFile; fileRef = 745165392A152F3600CECFF6 /* CardViewModel.swift */; };
		74C6FE042A12372E00AB97E4 /* JGProgressHUD in Frameworks */ = {isa = PBXBuildFile; productRef = 74C6FE032A12372E00AB97E4 /* JGProgressHUD */; };
		74C6FE072A1237D200AB97E4 /* FirebaseAuth in Frameworks */ = {isa = PBXBuildFile; productRef = 74C6FE062A1237D200AB97E4 /* FirebaseAuth */; };
		74C6FE092A1237D200AB97E4 /* FirebaseFirestore in Frameworks */ = {isa = PBXBuildFile; productRef = 74C6FE082A1237D200AB97E4 /* FirebaseFirestore */; };
		74C6FE0B2A1237D200AB97E4 /* FirebaseFirestoreSwift in Frameworks */ = {isa = PBXBuildFile; productRef = 74C6FE0A2A1237D200AB97E4 /* FirebaseFirestoreSwift */; };
		74C6FE0D2A1237D200AB97E4 /* FirebaseStorage in Frameworks */ = {isa = PBXBuildFile; productRef = 74C6FE0C2A1237D200AB97E4 /* FirebaseStorage */; };
		74C6FE0F2A12383500AB97E4 /* GoogleService-Info.plist in Resources */ = {isa = PBXBuildFile; fileRef = 74C6FE0E2A12383500AB97E4 /* GoogleService-Info.plist */; };
		74C6FE142A1392F800AB97E4 /* ImageFetcher.swift in Sources */ = {isa = PBXBuildFile; fileRef = 74C6FE132A1392F800AB97E4 /* ImageFetcher.swift */; };
		74C6FE162A13932800AB97E4 /* ImageView+Ext.swift in Sources */ = {isa = PBXBuildFile; fileRef = 74C6FE152A13932800AB97E4 /* ImageView+Ext.swift */; };
		74C6FE1A2A13C58D00AB97E4 /* SettingsCell.swift in Sources */ = {isa = PBXBuildFile; fileRef = 74C6FE192A13C58D00AB97E4 /* SettingsCell.swift */; };
		74C6FE1C2A14AE6000AB97E4 /* AgeRangeCell.swift in Sources */ = {isa = PBXBuildFile; fileRef = 74C6FE1B2A14AE6000AB97E4 /* AgeRangeCell.swift */; };
		74E533002A0D6C6000BE7544 /* AppDelegate.swift in Sources */ = {isa = PBXBuildFile; fileRef = 74E532FF2A0D6C6000BE7544 /* AppDelegate.swift */; };
		74E533022A0D6C6000BE7544 /* SceneDelegate.swift in Sources */ = {isa = PBXBuildFile; fileRef = 74E533012A0D6C6000BE7544 /* SceneDelegate.swift */; };
		74E533042A0D6C6000BE7544 /* HomeController.swift in Sources */ = {isa = PBXBuildFile; fileRef = 74E533032A0D6C6000BE7544 /* HomeController.swift */; };
		74E533072A0D6C6000BE7544 /* Main.storyboard in Resources */ = {isa = PBXBuildFile; fileRef = 74E533052A0D6C6000BE7544 /* Main.storyboard */; };
		74E533092A0D6C6300BE7544 /* Assets.xcassets in Resources */ = {isa = PBXBuildFile; fileRef = 74E533082A0D6C6300BE7544 /* Assets.xcassets */; };
		74E5330C2A0D6C6300BE7544 /* LaunchScreen.storyboard in Resources */ = {isa = PBXBuildFile; fileRef = 74E5330A2A0D6C6300BE7544 /* LaunchScreen.storyboard */; };
		74E533152A0E4BFC00BE7544 /* UIView+Ext.swift in Sources */ = {isa = PBXBuildFile; fileRef = 74E533142A0E4BFC00BE7544 /* UIView+Ext.swift */; };
		74E533192A0E518900BE7544 /* HomeButtonControlsStackView.swift in Sources */ = {isa = PBXBuildFile; fileRef = 74E533182A0E518900BE7544 /* HomeButtonControlsStackView.swift */; };
		74E5331B2A0E558600BE7544 /* TopNavigationStackView.swift in Sources */ = {isa = PBXBuildFile; fileRef = 74E5331A2A0E558600BE7544 /* TopNavigationStackView.swift */; };
/* End PBXBuildFile section */

/* Begin PBXFileReference section */
		742651BC2A160CC000B1C1BA /* LoginController.swift */ = {isa = PBXFileReference; lastKnownFileType = sourcecode.swift; path = LoginController.swift; sourceTree = "<group>"; };
		742651BE2A160CC600B1C1BA /* RegistrationController.swift */ = {isa = PBXFileReference; lastKnownFileType = sourcecode.swift; path = RegistrationController.swift; sourceTree = "<group>"; };
		742651C22A1611C700B1C1BA /* CustomTextField.swift */ = {isa = PBXFileReference; lastKnownFileType = sourcecode.swift; path = CustomTextField.swift; sourceTree = "<group>"; };
		742651C42A16154900B1C1BA /* AuthButton.swift */ = {isa = PBXFileReference; lastKnownFileType = sourcecode.swift; path = AuthButton.swift; sourceTree = "<group>"; };
		742651C62A161B3000B1C1BA /* TextButton.swift */ = {isa = PBXFileReference; lastKnownFileType = sourcecode.swift; path = TextButton.swift; sourceTree = "<group>"; };
		742651C82A162E6F00B1C1BA /* AuthViewModel.swift */ = {isa = PBXFileReference; lastKnownFileType = sourcecode.swift; path = AuthViewModel.swift; sourceTree = "<group>"; };
		745165312A14E7B900CECFF6 /* CardView.swift */ = {isa = PBXFileReference; lastKnownFileType = sourcecode.swift; path = CardView.swift; sourceTree = "<group>"; };
		745165332A14F5B600CECFF6 /* UIViewController+Ext.swift */ = {isa = PBXFileReference; lastKnownFileType = sourcecode.swift; path = "UIViewController+Ext.swift"; sourceTree = "<group>"; };
		745165352A14F5C800CECFF6 /* UIColor+Ext.swift */ = {isa = PBXFileReference; lastKnownFileType = sourcecode.swift; path = "UIColor+Ext.swift"; sourceTree = "<group>"; };
		745165372A152E2500CECFF6 /* User.swift */ = {isa = PBXFileReference; lastKnownFileType = sourcecode.swift; path = User.swift; sourceTree = "<group>"; };
		745165392A152F3600CECFF6 /* CardViewModel.swift */ = {isa = PBXFileReference; lastKnownFileType = sourcecode.swift; path = CardViewModel.swift; sourceTree = "<group>"; };
		74C6FE0E2A12383500AB97E4 /* GoogleService-Info.plist */ = {isa = PBXFileReference; fileEncoding = 4; lastKnownFileType = text.plist.xml; path = "GoogleService-Info.plist"; sourceTree = "<group>"; };
		74C6FE132A1392F800AB97E4 /* ImageFetcher.swift */ = {isa = PBXFileReference; lastKnownFileType = sourcecode.swift; path = ImageFetcher.swift; sourceTree = "<group>"; };
		74C6FE152A13932800AB97E4 /* ImageView+Ext.swift */ = {isa = PBXFileReference; lastKnownFileType = sourcecode.swift; path = "ImageView+Ext.swift"; sourceTree = "<group>"; };
		74C6FE192A13C58D00AB97E4 /* SettingsCell.swift */ = {isa = PBXFileReference; lastKnownFileType = sourcecode.swift; path = SettingsCell.swift; sourceTree = "<group>"; };
		74C6FE1B2A14AE6000AB97E4 /* AgeRangeCell.swift */ = {isa = PBXFileReference; lastKnownFileType = sourcecode.swift; path = AgeRangeCell.swift; sourceTree = "<group>"; };
		74E532FC2A0D6C6000BE7544 /* TinderCloneUIKit.app */ = {isa = PBXFileReference; explicitFileType = wrapper.application; includeInIndex = 0; path = TinderCloneUIKit.app; sourceTree = BUILT_PRODUCTS_DIR; };
		74E532FF2A0D6C6000BE7544 /* AppDelegate.swift */ = {isa = PBXFileReference; lastKnownFileType = sourcecode.swift; path = AppDelegate.swift; sourceTree = "<group>"; };
		74E533012A0D6C6000BE7544 /* SceneDelegate.swift */ = {isa = PBXFileReference; lastKnownFileType = sourcecode.swift; path = SceneDelegate.swift; sourceTree = "<group>"; };
		74E533032A0D6C6000BE7544 /* HomeController.swift */ = {isa = PBXFileReference; lastKnownFileType = sourcecode.swift; path = HomeController.swift; sourceTree = "<group>"; };
		74E533062A0D6C6000BE7544 /* Base */ = {isa = PBXFileReference; lastKnownFileType = file.storyboard; name = Base; path = Base.lproj/Main.storyboard; sourceTree = "<group>"; };
		74E533082A0D6C6300BE7544 /* Assets.xcassets */ = {isa = PBXFileReference; lastKnownFileType = folder.assetcatalog; path = Assets.xcassets; sourceTree = "<group>"; };
		74E5330B2A0D6C6300BE7544 /* Base */ = {isa = PBXFileReference; lastKnownFileType = file.storyboard; name = Base; path = Base.lproj/LaunchScreen.storyboard; sourceTree = "<group>"; };
		74E5330D2A0D6C6300BE7544 /* Info.plist */ = {isa = PBXFileReference; lastKnownFileType = text.plist.xml; path = Info.plist; sourceTree = "<group>"; };
		74E533142A0E4BFC00BE7544 /* UIView+Ext.swift */ = {isa = PBXFileReference; lastKnownFileType = sourcecode.swift; path = "UIView+Ext.swift"; sourceTree = "<group>"; };
		74E533182A0E518900BE7544 /* HomeButtonControlsStackView.swift */ = {isa = PBXFileReference; lastKnownFileType = sourcecode.swift; path = HomeButtonControlsStackView.swift; sourceTree = "<group>"; };
		74E5331A2A0E558600BE7544 /* TopNavigationStackView.swift */ = {isa = PBXFileReference; lastKnownFileType = sourcecode.swift; path = TopNavigationStackView.swift; sourceTree = "<group>"; };
/* End PBXFileReference section */

/* Begin PBXFrameworksBuildPhase section */
		74E532F92A0D6C6000BE7544 /* Frameworks */ = {
			isa = PBXFrameworksBuildPhase;
			buildActionMask = 2147483647;
			files = (
				74C6FE042A12372E00AB97E4 /* JGProgressHUD in Frameworks */,
				74C6FE072A1237D200AB97E4 /* FirebaseAuth in Frameworks */,
				74C6FE092A1237D200AB97E4 /* FirebaseFirestore in Frameworks */,
				74C6FE0D2A1237D200AB97E4 /* FirebaseStorage in Frameworks */,
				74C6FE0B2A1237D200AB97E4 /* FirebaseFirestoreSwift in Frameworks */,
			);
			runOnlyForDeploymentPostprocessing = 0;
		};
/* End PBXFrameworksBuildPhase section */

/* Begin PBXGroup section */
		742651BB2A160CB700B1C1BA /* Authentication */ = {
			isa = PBXGroup;
			children = (
				742651BC2A160CC000B1C1BA /* LoginController.swift */,
				742651BE2A160CC600B1C1BA /* RegistrationController.swift */,
			);
			path = Authentication;
			sourceTree = "<group>";
		};
		742651C02A16119C00B1C1BA /* Utils */ = {
			isa = PBXGroup;
			children = (
				742651C12A1611B500B1C1BA /* CustomViews */,
				74E533132A0E4BE000BE7544 /* Extensions */,
			);
			path = Utils;
			sourceTree = "<group>";
		};
		742651C12A1611B500B1C1BA /* CustomViews */ = {
			isa = PBXGroup;
			children = (
				742651C22A1611C700B1C1BA /* CustomTextField.swift */,
				742651C42A16154900B1C1BA /* AuthButton.swift */,
				742651C62A161B3000B1C1BA /* TextButton.swift */,
			);
			path = CustomViews;
			sourceTree = "<group>";
		};
		74C6FE122A1392F000AB97E4 /* Networking */ = {
			isa = PBXGroup;
			children = (
				74C6FE132A1392F800AB97E4 /* ImageFetcher.swift */,
			);
			path = Networking;
			sourceTree = "<group>";
		};
		74E532F32A0D6C6000BE7544 = {
			isa = PBXGroup;
			children = (
				74C6FE0E2A12383500AB97E4 /* GoogleService-Info.plist */,
				74E532FE2A0D6C6000BE7544 /* TinderCloneUIKit */,
				74E532FD2A0D6C6000BE7544 /* Products */,
			);
			sourceTree = "<group>";
		};
		74E532FD2A0D6C6000BE7544 /* Products */ = {
			isa = PBXGroup;
			children = (
				74E532FC2A0D6C6000BE7544 /* TinderCloneUIKit.app */,
			);
			name = Products;
			sourceTree = "<group>";
		};
		74E532FE2A0D6C6000BE7544 /* TinderCloneUIKit */ = {
			isa = PBXGroup;
			children = (
				74C6FE122A1392F000AB97E4 /* Networking */,
				74E533212A0E927A00BE7544 /* ViewModels */,
				74E5331E2A0E8D3100BE7544 /* Model */,
				74E533162A0E515B00BE7544 /* Views */,
				742651C02A16119C00B1C1BA /* Utils */,
				74E532FF2A0D6C6000BE7544 /* AppDelegate.swift */,
				74E533012A0D6C6000BE7544 /* SceneDelegate.swift */,
				74E533262A0FED7900BE7544 /* Controllers */,
				74E533052A0D6C6000BE7544 /* Main.storyboard */,
				74E533082A0D6C6300BE7544 /* Assets.xcassets */,
				74E5330A2A0D6C6300BE7544 /* LaunchScreen.storyboard */,
				74E5330D2A0D6C6300BE7544 /* Info.plist */,
			);
			path = TinderCloneUIKit;
			sourceTree = "<group>";
		};
		74E533132A0E4BE000BE7544 /* Extensions */ = {
			isa = PBXGroup;
			children = (
				74E533142A0E4BFC00BE7544 /* UIView+Ext.swift */,
				74C6FE152A13932800AB97E4 /* ImageView+Ext.swift */,
				745165332A14F5B600CECFF6 /* UIViewController+Ext.swift */,
				745165352A14F5C800CECFF6 /* UIColor+Ext.swift */,
			);
			path = Extensions;
			sourceTree = "<group>";
		};
		74E533162A0E515B00BE7544 /* Views */ = {
			isa = PBXGroup;
			children = (
				74E533182A0E518900BE7544 /* HomeButtonControlsStackView.swift */,
				74E5331A2A0E558600BE7544 /* TopNavigationStackView.swift */,
				74C6FE192A13C58D00AB97E4 /* SettingsCell.swift */,
				74C6FE1B2A14AE6000AB97E4 /* AgeRangeCell.swift */,
				745165312A14E7B900CECFF6 /* CardView.swift */,
			);
			path = Views;
			sourceTree = "<group>";
		};
		74E5331E2A0E8D3100BE7544 /* Model */ = {
			isa = PBXGroup;
			children = (
				745165372A152E2500CECFF6 /* User.swift */,
			);
			path = Model;
			sourceTree = "<group>";
		};
		74E533212A0E927A00BE7544 /* ViewModels */ = {
			isa = PBXGroup;
			children = (
				745165392A152F3600CECFF6 /* CardViewModel.swift */,
				742651C82A162E6F00B1C1BA /* AuthViewModel.swift */,
			);
			path = ViewModels;
			sourceTree = "<group>";
		};
		74E533262A0FED7900BE7544 /* Controllers */ = {
			isa = PBXGroup;
			children = (
				742651BB2A160CB700B1C1BA /* Authentication */,
				74E533032A0D6C6000BE7544 /* HomeController.swift */,
			);
			path = Controllers;
			sourceTree = "<group>";
		};
/* End PBXGroup section */

/* Begin PBXNativeTarget section */
		74E532FB2A0D6C6000BE7544 /* TinderCloneUIKit */ = {
			isa = PBXNativeTarget;
			buildConfigurationList = 74E533102A0D6C6300BE7544 /* Build configuration list for PBXNativeTarget "TinderCloneUIKit" */;
			buildPhases = (
				74E532F82A0D6C6000BE7544 /* Sources */,
				74E532F92A0D6C6000BE7544 /* Frameworks */,
				74E532FA2A0D6C6000BE7544 /* Resources */,
			);
			buildRules = (
			);
			dependencies = (
			);
			name = TinderCloneUIKit;
			packageProductDependencies = (
				74C6FE032A12372E00AB97E4 /* JGProgressHUD */,
				74C6FE062A1237D200AB97E4 /* FirebaseAuth */,
				74C6FE082A1237D200AB97E4 /* FirebaseFirestore */,
				74C6FE0A2A1237D200AB97E4 /* FirebaseFirestoreSwift */,
				74C6FE0C2A1237D200AB97E4 /* FirebaseStorage */,
			);
			productName = TinderCloneUIKit;
			productReference = 74E532FC2A0D6C6000BE7544 /* TinderCloneUIKit.app */;
			productType = "com.apple.product-type.application";
		};
/* End PBXNativeTarget section */

/* Begin PBXProject section */
		74E532F42A0D6C6000BE7544 /* Project object */ = {
			isa = PBXProject;
			attributes = {
				BuildIndependentTargetsInParallel = 1;
				LastSwiftUpdateCheck = 1430;
				LastUpgradeCheck = 1430;
				TargetAttributes = {
					74E532FB2A0D6C6000BE7544 = {
						CreatedOnToolsVersion = 14.3;
					};
				};
			};
			buildConfigurationList = 74E532F72A0D6C6000BE7544 /* Build configuration list for PBXProject "TinderCloneUIKit" */;
			compatibilityVersion = "Xcode 14.0";
			developmentRegion = en;
			hasScannedForEncodings = 0;
			knownRegions = (
				en,
				Base,
			);
			mainGroup = 74E532F32A0D6C6000BE7544;
			packageReferences = (
				74C6FE022A12372E00AB97E4 /* XCRemoteSwiftPackageReference "JGProgressHUD" */,
				74C6FE052A1237D200AB97E4 /* XCRemoteSwiftPackageReference "firebase-ios-sdk" */,
			);
			productRefGroup = 74E532FD2A0D6C6000BE7544 /* Products */;
			projectDirPath = "";
			projectRoot = "";
			targets = (
				74E532FB2A0D6C6000BE7544 /* TinderCloneUIKit */,
			);
		};
/* End PBXProject section */

/* Begin PBXResourcesBuildPhase section */
		74E532FA2A0D6C6000BE7544 /* Resources */ = {
			isa = PBXResourcesBuildPhase;
			buildActionMask = 2147483647;
			files = (
				74E5330C2A0D6C6300BE7544 /* LaunchScreen.storyboard in Resources */,
				74C6FE0F2A12383500AB97E4 /* GoogleService-Info.plist in Resources */,
				74E533092A0D6C6300BE7544 /* Assets.xcassets in Resources */,
				74E533072A0D6C6000BE7544 /* Main.storyboard in Resources */,
			);
			runOnlyForDeploymentPostprocessing = 0;
		};
/* End PBXResourcesBuildPhase section */

/* Begin PBXSourcesBuildPhase section */
		74E532F82A0D6C6000BE7544 /* Sources */ = {
			isa = PBXSourcesBuildPhase;
			buildActionMask = 2147483647;
			files = (
				74C6FE1A2A13C58D00AB97E4 /* SettingsCell.swift in Sources */,
				745165342A14F5B600CECFF6 /* UIViewController+Ext.swift in Sources */,
				74E533152A0E4BFC00BE7544 /* UIView+Ext.swift in Sources */,
				74E533042A0D6C6000BE7544 /* HomeController.swift in Sources */,
				7451653A2A152F3600CECFF6 /* CardViewModel.swift in Sources */,
				742651C32A1611C700B1C1BA /* CustomTextField.swift in Sources */,
				74E533002A0D6C6000BE7544 /* AppDelegate.swift in Sources */,
				742651C52A16154900B1C1BA /* AuthButton.swift in Sources */,
				74E5331B2A0E558600BE7544 /* TopNavigationStackView.swift in Sources */,
				74C6FE162A13932800AB97E4 /* ImageView+Ext.swift in Sources */,
				745165362A14F5C800CECFF6 /* UIColor+Ext.swift in Sources */,
				745165382A152E2500CECFF6 /* User.swift in Sources */,
				742651BF2A160CC600B1C1BA /* RegistrationController.swift in Sources */,
				74C6FE142A1392F800AB97E4 /* ImageFetcher.swift in Sources */,
				742651BD2A160CC000B1C1BA /* LoginController.swift in Sources */,
				74E533022A0D6C6000BE7544 /* SceneDelegate.swift in Sources */,
				742651C72A161B3000B1C1BA /* TextButton.swift in Sources */,
				742651C92A162E6F00B1C1BA /* AuthViewModel.swift in Sources */,
				74C6FE1C2A14AE6000AB97E4 /* AgeRangeCell.swift in Sources */,
				745165322A14E7B900CECFF6 /* CardView.swift in Sources */,
				74E533192A0E518900BE7544 /* HomeButtonControlsStackView.swift in Sources */,
			);
			runOnlyForDeploymentPostprocessing = 0;
		};
/* End PBXSourcesBuildPhase section */

/* Begin PBXVariantGroup section */
		74E533052A0D6C6000BE7544 /* Main.storyboard */ = {
			isa = PBXVariantGroup;
			children = (
				74E533062A0D6C6000BE7544 /* Base */,
			);
			name = Main.storyboard;
			sourceTree = "<group>";
		};
		74E5330A2A0D6C6300BE7544 /* LaunchScreen.storyboard */ = {
			isa = PBXVariantGroup;
			children = (
				74E5330B2A0D6C6300BE7544 /* Base */,
			);
			name = LaunchScreen.storyboard;
			sourceTree = "<group>";
		};
/* End PBXVariantGroup section */

/* Begin XCBuildConfiguration section */
		74E5330E2A0D6C6300BE7544 /* Debug */ = {
			isa = XCBuildConfiguration;
			buildSettings = {
				ALWAYS_SEARCH_USER_PATHS = NO;
				CLANG_ANALYZER_NONNULL = YES;
				CLANG_ANALYZER_NUMBER_OBJECT_CONVERSION = YES_AGGRESSIVE;
				CLANG_CXX_LANGUAGE_STANDARD = "gnu++20";
				CLANG_ENABLE_MODULES = YES;
				CLANG_ENABLE_OBJC_ARC = YES;
				CLANG_ENABLE_OBJC_WEAK = YES;
				CLANG_WARN_BLOCK_CAPTURE_AUTORELEASING = YES;
				CLANG_WARN_BOOL_CONVERSION = YES;
				CLANG_WARN_COMMA = YES;
				CLANG_WARN_CONSTANT_CONVERSION = YES;
				CLANG_WARN_DEPRECATED_OBJC_IMPLEMENTATIONS = YES;
				CLANG_WARN_DIRECT_OBJC_ISA_USAGE = YES_ERROR;
				CLANG_WARN_DOCUMENTATION_COMMENTS = YES;
				CLANG_WARN_EMPTY_BODY = YES;
				CLANG_WARN_ENUM_CONVERSION = YES;
				CLANG_WARN_INFINITE_RECURSION = YES;
				CLANG_WARN_INT_CONVERSION = YES;
				CLANG_WARN_NON_LITERAL_NULL_CONVERSION = YES;
				CLANG_WARN_OBJC_IMPLICIT_RETAIN_SELF = YES;
				CLANG_WARN_OBJC_LITERAL_CONVERSION = YES;
				CLANG_WARN_OBJC_ROOT_CLASS = YES_ERROR;
				CLANG_WARN_QUOTED_INCLUDE_IN_FRAMEWORK_HEADER = YES;
				CLANG_WARN_RANGE_LOOP_ANALYSIS = YES;
				CLANG_WARN_STRICT_PROTOTYPES = YES;
				CLANG_WARN_SUSPICIOUS_MOVE = YES;
				CLANG_WARN_UNGUARDED_AVAILABILITY = YES_AGGRESSIVE;
				CLANG_WARN_UNREACHABLE_CODE = YES;
				CLANG_WARN__DUPLICATE_METHOD_MATCH = YES;
				COPY_PHASE_STRIP = NO;
				DEBUG_INFORMATION_FORMAT = dwarf;
				ENABLE_STRICT_OBJC_MSGSEND = YES;
				ENABLE_TESTABILITY = YES;
				GCC_C_LANGUAGE_STANDARD = gnu11;
				GCC_DYNAMIC_NO_PIC = NO;
				GCC_NO_COMMON_BLOCKS = YES;
				GCC_OPTIMIZATION_LEVEL = 0;
				GCC_PREPROCESSOR_DEFINITIONS = (
					"DEBUG=1",
					"$(inherited)",
				);
				GCC_WARN_64_TO_32_BIT_CONVERSION = YES;
				GCC_WARN_ABOUT_RETURN_TYPE = YES_ERROR;
				GCC_WARN_UNDECLARED_SELECTOR = YES;
				GCC_WARN_UNINITIALIZED_AUTOS = YES_AGGRESSIVE;
				GCC_WARN_UNUSED_FUNCTION = YES;
				GCC_WARN_UNUSED_VARIABLE = YES;
				IPHONEOS_DEPLOYMENT_TARGET = 16.4;
				MTL_ENABLE_DEBUG_INFO = INCLUDE_SOURCE;
				MTL_FAST_MATH = YES;
				ONLY_ACTIVE_ARCH = YES;
				SDKROOT = iphoneos;
				SWIFT_ACTIVE_COMPILATION_CONDITIONS = DEBUG;
				SWIFT_OPTIMIZATION_LEVEL = "-Onone";
			};
			name = Debug;
		};
		74E5330F2A0D6C6300BE7544 /* Release */ = {
			isa = XCBuildConfiguration;
			buildSettings = {
				ALWAYS_SEARCH_USER_PATHS = NO;
				CLANG_ANALYZER_NONNULL = YES;
				CLANG_ANALYZER_NUMBER_OBJECT_CONVERSION = YES_AGGRESSIVE;
				CLANG_CXX_LANGUAGE_STANDARD = "gnu++20";
				CLANG_ENABLE_MODULES = YES;
				CLANG_ENABLE_OBJC_ARC = YES;
				CLANG_ENABLE_OBJC_WEAK = YES;
				CLANG_WARN_BLOCK_CAPTURE_AUTORELEASING = YES;
				CLANG_WARN_BOOL_CONVERSION = YES;
				CLANG_WARN_COMMA = YES;
				CLANG_WARN_CONSTANT_CONVERSION = YES;
				CLANG_WARN_DEPRECATED_OBJC_IMPLEMENTATIONS = YES;
				CLANG_WARN_DIRECT_OBJC_ISA_USAGE = YES_ERROR;
				CLANG_WARN_DOCUMENTATION_COMMENTS = YES;
				CLANG_WARN_EMPTY_BODY = YES;
				CLANG_WARN_ENUM_CONVERSION = YES;
				CLANG_WARN_INFINITE_RECURSION = YES;
				CLANG_WARN_INT_CONVERSION = YES;
				CLANG_WARN_NON_LITERAL_NULL_CONVERSION = YES;
				CLANG_WARN_OBJC_IMPLICIT_RETAIN_SELF = YES;
				CLANG_WARN_OBJC_LITERAL_CONVERSION = YES;
				CLANG_WARN_OBJC_ROOT_CLASS = YES_ERROR;
				CLANG_WARN_QUOTED_INCLUDE_IN_FRAMEWORK_HEADER = YES;
				CLANG_WARN_RANGE_LOOP_ANALYSIS = YES;
				CLANG_WARN_STRICT_PROTOTYPES = YES;
				CLANG_WARN_SUSPICIOUS_MOVE = YES;
				CLANG_WARN_UNGUARDED_AVAILABILITY = YES_AGGRESSIVE;
				CLANG_WARN_UNREACHABLE_CODE = YES;
				CLANG_WARN__DUPLICATE_METHOD_MATCH = YES;
				COPY_PHASE_STRIP = NO;
				DEBUG_INFORMATION_FORMAT = "dwarf-with-dsym";
				ENABLE_NS_ASSERTIONS = NO;
				ENABLE_STRICT_OBJC_MSGSEND = YES;
				GCC_C_LANGUAGE_STANDARD = gnu11;
				GCC_NO_COMMON_BLOCKS = YES;
				GCC_WARN_64_TO_32_BIT_CONVERSION = YES;
				GCC_WARN_ABOUT_RETURN_TYPE = YES_ERROR;
				GCC_WARN_UNDECLARED_SELECTOR = YES;
				GCC_WARN_UNINITIALIZED_AUTOS = YES_AGGRESSIVE;
				GCC_WARN_UNUSED_FUNCTION = YES;
				GCC_WARN_UNUSED_VARIABLE = YES;
				IPHONEOS_DEPLOYMENT_TARGET = 16.4;
				MTL_ENABLE_DEBUG_INFO = NO;
				MTL_FAST_MATH = YES;
				SDKROOT = iphoneos;
				SWIFT_COMPILATION_MODE = wholemodule;
				SWIFT_OPTIMIZATION_LEVEL = "-O";
				VALIDATE_PRODUCT = YES;
			};
			name = Release;
		};
		74E533112A0D6C6300BE7544 /* Debug */ = {
			isa = XCBuildConfiguration;
			buildSettings = {
				ASSETCATALOG_COMPILER_APPICON_NAME = AppIcon;
				ASSETCATALOG_COMPILER_GLOBAL_ACCENT_COLOR_NAME = AccentColor;
				CODE_SIGN_STYLE = Automatic;
				CURRENT_PROJECT_VERSION = 1;
				DEVELOPMENT_TEAM = 3JFC7AD7WA;
				GENERATE_INFOPLIST_FILE = YES;
				INFOPLIST_FILE = TinderCloneUIKit/Info.plist;
				INFOPLIST_KEY_UIApplicationSupportsIndirectInputEvents = YES;
				INFOPLIST_KEY_UILaunchStoryboardName = LaunchScreen;
				INFOPLIST_KEY_UIMainStoryboardFile = Main;
				INFOPLIST_KEY_UISupportedInterfaceOrientations_iPad = "UIInterfaceOrientationPortrait UIInterfaceOrientationPortraitUpsideDown UIInterfaceOrientationLandscapeLeft UIInterfaceOrientationLandscapeRight";
				INFOPLIST_KEY_UISupportedInterfaceOrientations_iPhone = "UIInterfaceOrientationPortrait UIInterfaceOrientationLandscapeLeft UIInterfaceOrientationLandscapeRight";
				LD_RUNPATH_SEARCH_PATHS = (
					"$(inherited)",
					"@executable_path/Frameworks",
				);
				MARKETING_VERSION = 1.0;
				PRODUCT_BUNDLE_IDENTIFIER = comMuhammed.TinderCloneUIKit;
				PRODUCT_NAME = "$(TARGET_NAME)";
				SUPPORTED_PLATFORMS = "iphoneos iphonesimulator";
				SUPPORTS_MACCATALYST = NO;
				SUPPORTS_MAC_DESIGNED_FOR_IPHONE_IPAD = NO;
				SWIFT_EMIT_LOC_STRINGS = YES;
				SWIFT_VERSION = 5.0;
				TARGETED_DEVICE_FAMILY = "1,2";
			};
			name = Debug;
		};
		74E533122A0D6C6300BE7544 /* Release */ = {
			isa = XCBuildConfiguration;
			buildSettings = {
				ASSETCATALOG_COMPILER_APPICON_NAME = AppIcon;
				ASSETCATALOG_COMPILER_GLOBAL_ACCENT_COLOR_NAME = AccentColor;
				CODE_SIGN_STYLE = Automatic;
				CURRENT_PROJECT_VERSION = 1;
				DEVELOPMENT_TEAM = 3JFC7AD7WA;
				GENERATE_INFOPLIST_FILE = YES;
				INFOPLIST_FILE = TinderCloneUIKit/Info.plist;
				INFOPLIST_KEY_UIApplicationSupportsIndirectInputEvents = YES;
				INFOPLIST_KEY_UILaunchStoryboardName = LaunchScreen;
				INFOPLIST_KEY_UIMainStoryboardFile = Main;
				INFOPLIST_KEY_UISupportedInterfaceOrientations_iPad = "UIInterfaceOrientationPortrait UIInterfaceOrientationPortraitUpsideDown UIInterfaceOrientationLandscapeLeft UIInterfaceOrientationLandscapeRight";
				INFOPLIST_KEY_UISupportedInterfaceOrientations_iPhone = "UIInterfaceOrientationPortrait UIInterfaceOrientationLandscapeLeft UIInterfaceOrientationLandscapeRight";
				LD_RUNPATH_SEARCH_PATHS = (
					"$(inherited)",
					"@executable_path/Frameworks",
				);
				MARKETING_VERSION = 1.0;
				PRODUCT_BUNDLE_IDENTIFIER = comMuhammed.TinderCloneUIKit;
				PRODUCT_NAME = "$(TARGET_NAME)";
				SUPPORTED_PLATFORMS = "iphoneos iphonesimulator";
				SUPPORTS_MACCATALYST = NO;
				SUPPORTS_MAC_DESIGNED_FOR_IPHONE_IPAD = NO;
				SWIFT_EMIT_LOC_STRINGS = YES;
				SWIFT_VERSION = 5.0;
				TARGETED_DEVICE_FAMILY = "1,2";
			};
			name = Release;
		};
/* End XCBuildConfiguration section */

/* Begin XCConfigurationList section */
		74E532F72A0D6C6000BE7544 /* Build configuration list for PBXProject "TinderCloneUIKit" */ = {
			isa = XCConfigurationList;
			buildConfigurations = (
				74E5330E2A0D6C6300BE7544 /* Debug */,
				74E5330F2A0D6C6300BE7544 /* Release */,
			);
			defaultConfigurationIsVisible = 0;
			defaultConfigurationName = Release;
		};
		74E533102A0D6C6300BE7544 /* Build configuration list for PBXNativeTarget "TinderCloneUIKit" */ = {
			isa = XCConfigurationList;
			buildConfigurations = (
				74E533112A0D6C6300BE7544 /* Debug */,
				74E533122A0D6C6300BE7544 /* Release */,
			);
			defaultConfigurationIsVisible = 0;
			defaultConfigurationName = Release;
		};
/* End XCConfigurationList section */

/* Begin XCRemoteSwiftPackageReference section */
		74C6FE022A12372E00AB97E4 /* XCRemoteSwiftPackageReference "JGProgressHUD" */ = {
			isa = XCRemoteSwiftPackageReference;
			repositoryURL = "https://github.com/JonasGessner/JGProgressHUD.git";
			requirement = {
				kind = upToNextMajorVersion;
				minimumVersion = 2.0.0;
			};
		};
		74C6FE052A1237D200AB97E4 /* XCRemoteSwiftPackageReference "firebase-ios-sdk" */ = {
			isa = XCRemoteSwiftPackageReference;
			repositoryURL = "https://github.com/firebase/firebase-ios-sdk";
			requirement = {
				kind = upToNextMajorVersion;
				minimumVersion = 10.0.0;
			};
		};
/* End XCRemoteSwiftPackageReference section */

/* Begin XCSwiftPackageProductDependency section */
		74C6FE032A12372E00AB97E4 /* JGProgressHUD */ = {
			isa = XCSwiftPackageProductDependency;
			package = 74C6FE022A12372E00AB97E4 /* XCRemoteSwiftPackageReference "JGProgressHUD" */;
			productName = JGProgressHUD;
		};
		74C6FE062A1237D200AB97E4 /* FirebaseAuth */ = {
			isa = XCSwiftPackageProductDependency;
			package = 74C6FE052A1237D200AB97E4 /* XCRemoteSwiftPackageReference "firebase-ios-sdk" */;
			productName = FirebaseAuth;
		};
		74C6FE082A1237D200AB97E4 /* FirebaseFirestore */ = {
			isa = XCSwiftPackageProductDependency;
			package = 74C6FE052A1237D200AB97E4 /* XCRemoteSwiftPackageReference "firebase-ios-sdk" */;
			productName = FirebaseFirestore;
		};
		74C6FE0A2A1237D200AB97E4 /* FirebaseFirestoreSwift */ = {
			isa = XCSwiftPackageProductDependency;
			package = 74C6FE052A1237D200AB97E4 /* XCRemoteSwiftPackageReference "firebase-ios-sdk" */;
			productName = FirebaseFirestoreSwift;
		};
		74C6FE0C2A1237D200AB97E4 /* FirebaseStorage */ = {
			isa = XCSwiftPackageProductDependency;
			package = 74C6FE052A1237D200AB97E4 /* XCRemoteSwiftPackageReference "firebase-ios-sdk" */;
			productName = FirebaseStorage;
		};
/* End XCSwiftPackageProductDependency section */
	};
	rootObject = 74E532F42A0D6C6000BE7544 /* Project object */;
}
